
Microsoft Visual Studio Solution File, Format Version 12.00
# Visual Studio Version 16
VisualStudioVersion = 16.0.30413.136
MinimumVisualStudioVersion = 10.0.40219.1
Project("{FAE04EC0-301F-11D3-BF4B-00C04F79EFBC}") = "ReverseVowels", "ReverseVowels\ReverseVowels.csproj", "{21593259-099D-46DC-9E80-B85F3B555FD7}"
EndProject
Project("{FAE04EC0-301F-11D3-BF4B-00C04F79EFBC}") = "ReverseVowelsTests", "ReverseVowelsTests\ReverseVowelsTests.csproj", "{B419723D-F623-458F-92AC-49BCBAEF5B78}"
EndProject
Global
	GlobalSection(SolutionConfigurationPlatforms) = preSolution
		Debug|Any CPU = Debug|Any CPU
		Release|Any CPU = Release|Any CPU
	EndGlobalSection
	GlobalSection(ProjectConfigurationPlatforms) = postSolution
		{21593259-099D-46DC-9E80-B85F3B555FD7}.Debug|Any CPU.ActiveCfg = Debug|Any CPU
		{21593259-099D-46DC-9E80-B85F3B555FD7}.Debug|Any CPU.Build.0 = Debug|Any CPU
		{21593259-099D-46DC-9E80-B85F3B555FD7}.Release|Any CPU.ActiveCfg = Release|Any CPU
		{21593259-099D-46DC-9E80-B85F3B555FD7}.Release|Any CPU.Build.0 = Release|Any CPU
		{B419723D-F623-458F-92AC-49BCBAEF5B78}.Debug|Any CPU.ActiveCfg = Debug|Any CPU
		{B419723D-F623-458F-92AC-49BCBAEF5B78}.Debug|Any CPU.Build.0 = Debug|Any CPU
		{B419723D-F623-458F-92AC-49BCBAEF5B78}.Release|Any CPU.ActiveCfg = Release|Any CPU
		{B419723D-F623-458F-92AC-49BCBAEF5B78}.Release|Any CPU.Build.0 = Release|Any CPU
	EndGlobalSection
	GlobalSection(SolutionProperties) = preSolution
		HideSolutionNode = FALSE
	EndGlobalSection
	GlobalSection(ExtensibilityGlobals) = postSolution
		SolutionGuid = {676CB3B8-A3A8-47A8-9A4C-8BF9BD52D8F1}
	EndGlobalSection
EndGlobal
